// !$*UTF8*$!
{
	archiveVersion = 1;
	classes = {
	};
	objectVersion = 46;
	objects = {

/* Begin PBXBuildFile section */
		8C995DC77F584565964CC82C /* Pods_APIClient_Example.framework in Frameworks */ = {isa = PBXBuildFile; fileRef = BC453B8CA8AFAE9512341904 /* Pods_APIClient_Example.framework */; };
		E3533FB71F827B47001BBDE5 /* Place.swift in Sources */ = {isa = PBXBuildFile; fileRef = E3533FB61F827B47001BBDE5 /* Place.swift */; };
		E368CCA61F28671F00420C6D /* AppDelegate.swift in Sources */ = {isa = PBXBuildFile; fileRef = E368CC941F28671F00420C6D /* AppDelegate.swift */; };
		E368CCA71F28671F00420C6D /* Assets.xcassets in Resources */ = {isa = PBXBuildFile; fileRef = E368CC951F28671F00420C6D /* Assets.xcassets */; };
		E368CCA81F28671F00420C6D /* LaunchScreen.storyboard in Resources */ = {isa = PBXBuildFile; fileRef = E368CC961F28671F00420C6D /* LaunchScreen.storyboard */; };
		E368CCA91F28671F00420C6D /* Main.storyboard in Resources */ = {isa = PBXBuildFile; fileRef = E368CC981F28671F00420C6D /* Main.storyboard */; };
		E368CCAB1F28671F00420C6D /* User.swift in Sources */ = {isa = PBXBuildFile; fileRef = E368CC9D1F28671F00420C6D /* User.swift */; };
		E368CCAC1F28671F00420C6D /* FoxAPIClient.swift in Sources */ = {isa = PBXBuildFile; fileRef = E368CC9E1F28671F00420C6D /* FoxAPIClient.swift */; };
		E39E16531F6C0A9900D61973 /* PaginatorViewController.swift in Sources */ = {isa = PBXBuildFile; fileRef = E39E16521F6C0A9900D61973 /* PaginatorViewController.swift */; };
		E3A9ABC91F729682001E2825 /* CursorPaginatorViewController.swift in Sources */ = {isa = PBXBuildFile; fileRef = E3A9ABC81F729682001E2825 /* CursorPaginatorViewController.swift */; };
		E3D79BA91F8791F600169897 /* ViewController.swift in Sources */ = {isa = PBXBuildFile; fileRef = E3D79BA81F8791F600169897 /* ViewController.swift */; };
		E3D79BAB1F87A3CF00169897 /* Number.swift in Sources */ = {isa = PBXBuildFile; fileRef = E3D79BAA1F87A3CF00169897 /* Number.swift */; };
		E3D79BB41F87A4D600169897 /* PaginationAPIRouter.swift in Sources */ = {isa = PBXBuildFile; fileRef = E3D79BAD1F87A4D600169897 /* PaginationAPIRouter.swift */; };
		E3D79BB51F87A4D600169897 /* OfflineAPIRouter.swift in Sources */ = {isa = PBXBuildFile; fileRef = E3D79BAE1F87A4D600169897 /* OfflineAPIRouter.swift */; };
		E3D79BB61F87A4D600169897 /* APIRouter.swift in Sources */ = {isa = PBXBuildFile; fileRef = E3D79BAF1F87A4D600169897 /* APIRouter.swift */; };
		E3D79BB71F87A4D600169897 /* URLAPIRouter.swift in Sources */ = {isa = PBXBuildFile; fileRef = E3D79BB01F87A4D600169897 /* URLAPIRouter.swift */; };
		E3D79BB81F87A4D600169897 /* CursorPaginationAPIRouter.swift in Sources */ = {isa = PBXBuildFile; fileRef = E3D79BB11F87A4D600169897 /* CursorPaginationAPIRouter.swift */; };
		E3D79BB91F87A4D600169897 /* AuthHeaders.swift in Sources */ = {isa = PBXBuildFile; fileRef = E3D79BB21F87A4D600169897 /* AuthHeaders.swift */; };
		E3D79BBA1F87A4D600169897 /* ErrorResponse.swift in Sources */ = {isa = PBXBuildFile; fileRef = E3D79BB31F87A4D600169897 /* ErrorResponse.swift */; };
/* End PBXBuildFile section */

/* Begin PBXFileReference section */
		6D96D58A1E1FC9FA000B1595 /* APIClient-Example.app */ = {isa = PBXFileReference; explicitFileType = wrapper.application; includeInIndex = 0; path = "APIClient-Example.app"; sourceTree = BUILT_PRODUCTS_DIR; };
		6E7BC9458AB01718E2CA7ACD /* Pods-APIClient-Example.release.xcconfig */ = {isa = PBXFileReference; includeInIndex = 1; lastKnownFileType = text.xcconfig; name = "Pods-APIClient-Example.release.xcconfig"; path = "Pods/Target Support Files/Pods-APIClient-Example/Pods-APIClient-Example.release.xcconfig"; sourceTree = "<group>"; };
		87B7CE4B9D483FAD4A8A201B /* Pods_FLAPIClient_Example.framework */ = {isa = PBXFileReference; explicitFileType = wrapper.framework; includeInIndex = 0; path = Pods_FLAPIClient_Example.framework; sourceTree = BUILT_PRODUCTS_DIR; };
		8A74B09918892C67C32C3F46 /* Pods-APIClient-Example.debug.xcconfig */ = {isa = PBXFileReference; includeInIndex = 1; lastKnownFileType = text.xcconfig; name = "Pods-APIClient-Example.debug.xcconfig"; path = "Pods/Target Support Files/Pods-APIClient-Example/Pods-APIClient-Example.debug.xcconfig"; sourceTree = "<group>"; };
		B1212570D6F4B3C9B7379E29 /* Pods-FLAPIClient-Example.debug.xcconfig */ = {isa = PBXFileReference; includeInIndex = 1; lastKnownFileType = text.xcconfig; name = "Pods-FLAPIClient-Example.debug.xcconfig"; path = "Pods/Target Support Files/Pods-FLAPIClient-Example/Pods-FLAPIClient-Example.debug.xcconfig"; sourceTree = "<group>"; };
		BC453B8CA8AFAE9512341904 /* Pods_APIClient_Example.framework */ = {isa = PBXFileReference; explicitFileType = wrapper.framework; includeInIndex = 0; path = Pods_APIClient_Example.framework; sourceTree = BUILT_PRODUCTS_DIR; };
		D04BD1B5D2392CB683F8C7B3 /* Pods-FLAPIClient-Example.release.xcconfig */ = {isa = PBXFileReference; includeInIndex = 1; lastKnownFileType = text.xcconfig; name = "Pods-FLAPIClient-Example.release.xcconfig"; path = "Pods/Target Support Files/Pods-FLAPIClient-Example/Pods-FLAPIClient-Example.release.xcconfig"; sourceTree = "<group>"; };
		E3533FB61F827B47001BBDE5 /* Place.swift */ = {isa = PBXFileReference; fileEncoding = 4; lastKnownFileType = sourcecode.swift; path = Place.swift; sourceTree = "<group>"; };
		E368CC941F28671F00420C6D /* AppDelegate.swift */ = {isa = PBXFileReference; fileEncoding = 4; lastKnownFileType = sourcecode.swift; path = AppDelegate.swift; sourceTree = "<group>"; };
		E368CC951F28671F00420C6D /* Assets.xcassets */ = {isa = PBXFileReference; lastKnownFileType = folder.assetcatalog; path = Assets.xcassets; sourceTree = "<group>"; };
		E368CC971F28671F00420C6D /* Base */ = {isa = PBXFileReference; lastKnownFileType = file.storyboard; name = Base; path = Base.lproj/LaunchScreen.storyboard; sourceTree = "<group>"; };
		E368CC991F28671F00420C6D /* Base */ = {isa = PBXFileReference; lastKnownFileType = file.storyboard; name = Base; path = Base.lproj/Main.storyboard; sourceTree = "<group>"; };
		E368CC9D1F28671F00420C6D /* User.swift */ = {isa = PBXFileReference; fileEncoding = 4; lastKnownFileType = sourcecode.swift; path = User.swift; sourceTree = "<group>"; };
		E368CC9E1F28671F00420C6D /* FoxAPIClient.swift */ = {isa = PBXFileReference; fileEncoding = 4; lastKnownFileType = sourcecode.swift; path = FoxAPIClient.swift; sourceTree = "<group>"; };
		E368CC9F1F28671F00420C6D /* Info.plist */ = {isa = PBXFileReference; fileEncoding = 4; lastKnownFileType = text.plist.xml; path = Info.plist; sourceTree = "<group>"; };
		E368CCA01F28671F00420C6D /* MyPlayground.playground */ = {isa = PBXFileReference; lastKnownFileType = file.playground; path = MyPlayground.playground; sourceTree = "<group>"; };
		E39E16521F6C0A9900D61973 /* PaginatorViewController.swift */ = {isa = PBXFileReference; fileEncoding = 4; lastKnownFileType = sourcecode.swift; name = PaginatorViewController.swift; path = UI/PaginatorExample/PaginatorViewController.swift; sourceTree = "<group>"; };
		E3A9ABC81F729682001E2825 /* CursorPaginatorViewController.swift */ = {isa = PBXFileReference; fileEncoding = 4; lastKnownFileType = sourcecode.swift; name = CursorPaginatorViewController.swift; path = UI/PaginatorExample/CursorPaginatorViewController.swift; sourceTree = "<group>"; };
		E3D79BA81F8791F600169897 /* ViewController.swift */ = {isa = PBXFileReference; fileEncoding = 4; lastKnownFileType = sourcecode.swift; name = ViewController.swift; path = "../../../../../../../../soni/Documents/Clients/Nickelfox/FoxLabs/APIClient/Example/APIClient-Example/UI/Simple API Example/ViewController.swift"; sourceTree = "<group>"; };
		E3D79BAA1F87A3CF00169897 /* Number.swift */ = {isa = PBXFileReference; fileEncoding = 4; lastKnownFileType = sourcecode.swift; name = Number.swift; path = "../../../../../../../../../../soni/Documents/Clients/Nickelfox/FoxLabs/APIClient/Example/APIClient-Example/DataModel/Entities/Number.swift"; sourceTree = "<group>"; };
		E3D79BAD1F87A4D600169897 /* PaginationAPIRouter.swift */ = {isa = PBXFileReference; fileEncoding = 4; lastKnownFileType = sourcecode.swift; path = PaginationAPIRouter.swift; sourceTree = "<group>"; };
		E3D79BAE1F87A4D600169897 /* OfflineAPIRouter.swift */ = {isa = PBXFileReference; fileEncoding = 4; lastKnownFileType = sourcecode.swift; path = OfflineAPIRouter.swift; sourceTree = "<group>"; };
		E3D79BAF1F87A4D600169897 /* APIRouter.swift */ = {isa = PBXFileReference; fileEncoding = 4; lastKnownFileType = sourcecode.swift; path = APIRouter.swift; sourceTree = "<group>"; };
		E3D79BB01F87A4D600169897 /* URLAPIRouter.swift */ = {isa = PBXFileReference; fileEncoding = 4; lastKnownFileType = sourcecode.swift; path = URLAPIRouter.swift; sourceTree = "<group>"; };
		E3D79BB11F87A4D600169897 /* CursorPaginationAPIRouter.swift */ = {isa = PBXFileReference; fileEncoding = 4; lastKnownFileType = sourcecode.swift; path = CursorPaginationAPIRouter.swift; sourceTree = "<group>"; };
		E3D79BB21F87A4D600169897 /* AuthHeaders.swift */ = {isa = PBXFileReference; fileEncoding = 4; lastKnownFileType = sourcecode.swift; name = AuthHeaders.swift; path = "../../../../../../../../../soni/Documents/Clients/Nickelfox/FoxLabs/APIClient/Example/APIClient-Example/API/AuthHeaders.swift"; sourceTree = "<group>"; };
		E3D79BB31F87A4D600169897 /* ErrorResponse.swift */ = {isa = PBXFileReference; fileEncoding = 4; lastKnownFileType = sourcecode.swift; name = ErrorResponse.swift; path = "../../../../../../../../../soni/Documents/Clients/Nickelfox/FoxLabs/APIClient/Example/APIClient-Example/API/ErrorResponse.swift"; sourceTree = "<group>"; };
/* End PBXFileReference section */

/* Begin PBXFrameworksBuildPhase section */
		6D96D5871E1FC9FA000B1595 /* Frameworks */ = {
			isa = PBXFrameworksBuildPhase;
			buildActionMask = 2147483647;
			files = (
				8C995DC77F584565964CC82C /* Pods_APIClient_Example.framework in Frameworks */,
			);
			runOnlyForDeploymentPostprocessing = 0;
		};
/* End PBXFrameworksBuildPhase section */

/* Begin PBXGroup section */
		138F1FFA855EBFC94954D0BA /* Frameworks */ = {
			isa = PBXGroup;
			children = (
				87B7CE4B9D483FAD4A8A201B /* Pods_FLAPIClient_Example.framework */,
				BC453B8CA8AFAE9512341904 /* Pods_APIClient_Example.framework */,
			);
			name = Frameworks;
			sourceTree = "<group>";
		};
		6AC30274149C2C6DFBF747A4 /* Pods */ = {
			isa = PBXGroup;
			children = (
				B1212570D6F4B3C9B7379E29 /* Pods-FLAPIClient-Example.debug.xcconfig */,
				D04BD1B5D2392CB683F8C7B3 /* Pods-FLAPIClient-Example.release.xcconfig */,
				8A74B09918892C67C32C3F46 /* Pods-APIClient-Example.debug.xcconfig */,
				6E7BC9458AB01718E2CA7ACD /* Pods-APIClient-Example.release.xcconfig */,
			);
			name = Pods;
			sourceTree = "<group>";
		};
		6D96D5811E1FC9FA000B1595 = {
			isa = PBXGroup;
			children = (
				E368CC8E1F28671F00420C6D /* APIClient-Example */,
				6D96D58B1E1FC9FA000B1595 /* Products */,
				6AC30274149C2C6DFBF747A4 /* Pods */,
				138F1FFA855EBFC94954D0BA /* Frameworks */,
			);
			sourceTree = "<group>";
		};
		6D96D58B1E1FC9FA000B1595 /* Products */ = {
			isa = PBXGroup;
			children = (
				6D96D58A1E1FC9FA000B1595 /* APIClient-Example.app */,
			);
			name = Products;
			sourceTree = "<group>";
		};
		E368CC8E1F28671F00420C6D /* APIClient-Example */ = {
			isa = PBXGroup;
			children = (
				E39E16501F6C0A6400D61973 /* UI */,
				E368CC8F1F28671F00420C6D /* API */,
				E368CC941F28671F00420C6D /* AppDelegate.swift */,
				E368CC951F28671F00420C6D /* Assets.xcassets */,
				E368CC961F28671F00420C6D /* LaunchScreen.storyboard */,
				E368CC981F28671F00420C6D /* Main.storyboard */,
				E368CC9A1F28671F00420C6D /* DataModel */,
				E368CC9F1F28671F00420C6D /* Info.plist */,
				E368CCA01F28671F00420C6D /* MyPlayground.playground */,
			);
			path = "APIClient-Example";
			sourceTree = "<group>";
		};
		E368CC8F1F28671F00420C6D /* API */ = {
			isa = PBXGroup;
			children = (
				E3D79BAC1F87A4D600169897 /* Routers */,
				E3D79BB21F87A4D600169897 /* AuthHeaders.swift */,
				E3D79BB31F87A4D600169897 /* ErrorResponse.swift */,
			);
			path = API;
			sourceTree = "<group>";
		};
		E368CC9A1F28671F00420C6D /* DataModel */ = {
			isa = PBXGroup;
			children = (
				E368CC9C1F28671F00420C6D /* Entities */,
				E368CC9E1F28671F00420C6D /* FoxAPIClient.swift */,
			);
			path = DataModel;
			sourceTree = "<group>";
		};
		E368CC9C1F28671F00420C6D /* Entities */ = {
			isa = PBXGroup;
			children = (
				E368CC9D1F28671F00420C6D /* User.swift */,
				E3D79BAA1F87A3CF00169897 /* Number.swift */,
				E3533FB61F827B47001BBDE5 /* Place.swift */,
			);
			path = Entities;
			sourceTree = "<group>";
		};
		E39E16501F6C0A6400D61973 /* UI */ = {
			isa = PBXGroup;
			children = (
				E3D79BA71F8791BA00169897 /* Simple API Example */,
				E39E16511F6C0A6F00D61973 /* PaginatorExample */,
			);
			name = UI;
			sourceTree = "<group>";
		};
		E39E16511F6C0A6F00D61973 /* PaginatorExample */ = {
			isa = PBXGroup;
			children = (
				E39E16521F6C0A9900D61973 /* PaginatorViewController.swift */,
				E3A9ABC81F729682001E2825 /* CursorPaginatorViewController.swift */,
			);
			name = PaginatorExample;
			sourceTree = "<group>";
		};
		E3D79BA71F8791BA00169897 /* Simple API Example */ = {
			isa = PBXGroup;
			children = (
				E3D79BA81F8791F600169897 /* ViewController.swift */,
			);
			name = "Simple API Example";
			sourceTree = "<group>";
		};
		E3D79BAC1F87A4D600169897 /* Routers */ = {
			isa = PBXGroup;
			children = (
				E3D79BAD1F87A4D600169897 /* PaginationAPIRouter.swift */,
				E3D79BAE1F87A4D600169897 /* OfflineAPIRouter.swift */,
				E3D79BAF1F87A4D600169897 /* APIRouter.swift */,
				E3D79BB01F87A4D600169897 /* URLAPIRouter.swift */,
				E3D79BB11F87A4D600169897 /* CursorPaginationAPIRouter.swift */,
			);
			name = Routers;
			path = "../../../../../../../../../soni/Documents/Clients/Nickelfox/FoxLabs/APIClient/Example/APIClient-Example/API/Routers";
			sourceTree = "<group>";
		};
/* End PBXGroup section */

/* Begin PBXNativeTarget section */
		6D96D5891E1FC9FA000B1595 /* APIClient-Example */ = {
			isa = PBXNativeTarget;
			buildConfigurationList = 6D96D5A71E1FC9FA000B1595 /* Build configuration list for PBXNativeTarget "APIClient-Example" */;
			buildPhases = (
				74FA6D221D1C6E4BB4304689 /* [CP] Check Pods Manifest.lock */,
				6D96D5861E1FC9FA000B1595 /* Sources */,
				6D96D5871E1FC9FA000B1595 /* Frameworks */,
				6D96D5881E1FC9FA000B1595 /* Resources */,
				30C924BA12E6FBBF05F2082E /* [CP] Embed Pods Frameworks */,
				55ADED197880EF48C378620C /* [CP] Copy Pods Resources */,
			);
			buildRules = (
			);
			dependencies = (
			);
			name = "APIClient-Example";
			productName = "FLAPIClient-Example";
			productReference = 6D96D58A1E1FC9FA000B1595 /* APIClient-Example.app */;
			productType = "com.apple.product-type.application";
		};
/* End PBXNativeTarget section */

/* Begin PBXProject section */
		6D96D5821E1FC9FA000B1595 /* Project object */ = {
			isa = PBXProject;
			attributes = {
				LastSwiftUpdateCheck = 0800;
				LastUpgradeCheck = 0910;
				ORGANIZATIONNAME = Nickelfox;
				TargetAttributes = {
					6D96D5891E1FC9FA000B1595 = {
						CreatedOnToolsVersion = 8.0;
						DevelopmentTeam = NY45473NT8;
						ProvisioningStyle = Automatic;
					};
				};
			};
			buildConfigurationList = 6D96D5851E1FC9FA000B1595 /* Build configuration list for PBXProject "APIClient-Example" */;
			compatibilityVersion = "Xcode 3.2";
			developmentRegion = English;
			hasScannedForEncodings = 0;
			knownRegions = (
				en,
				Base,
			);
			mainGroup = 6D96D5811E1FC9FA000B1595;
			productRefGroup = 6D96D58B1E1FC9FA000B1595 /* Products */;
			projectDirPath = "";
			projectRoot = "";
			targets = (
				6D96D5891E1FC9FA000B1595 /* APIClient-Example */,
			);
		};
/* End PBXProject section */

/* Begin PBXResourcesBuildPhase section */
		6D96D5881E1FC9FA000B1595 /* Resources */ = {
			isa = PBXResourcesBuildPhase;
			buildActionMask = 2147483647;
			files = (
				E368CCA91F28671F00420C6D /* Main.storyboard in Resources */,
				E368CCA71F28671F00420C6D /* Assets.xcassets in Resources */,
				E368CCA81F28671F00420C6D /* LaunchScreen.storyboard in Resources */,
			);
			runOnlyForDeploymentPostprocessing = 0;
		};
/* End PBXResourcesBuildPhase section */

/* Begin PBXShellScriptBuildPhase section */
		30C924BA12E6FBBF05F2082E /* [CP] Embed Pods Frameworks */ = {
			isa = PBXShellScriptBuildPhase;
			buildActionMask = 2147483647;
			files = (
			);
			inputPaths = (
				"${SRCROOT}/Pods/Target Support Files/Pods-APIClient-Example/Pods-APIClient-Example-frameworks.sh",
				"${BUILT_PRODUCTS_DIR}/APIClient/APIClient.framework",
				"${BUILT_PRODUCTS_DIR}/Alamofire/Alamofire.framework",
				"${BUILT_PRODUCTS_DIR}/AnyErrorKit/AnyErrorKit.framework",
				"${BUILT_PRODUCTS_DIR}/JSONParsing/JSONParsing.framework",
				"${BUILT_PRODUCTS_DIR}/PaginationUIManager/PaginationUIManager.framework",
				"${BUILT_PRODUCTS_DIR}/SSPullToRefresh/SSPullToRefresh.framework",
				"${BUILT_PRODUCTS_DIR}/SwiftyJSON/SwiftyJSON.framework",
			);
			name = "[CP] Embed Pods Frameworks";
			outputPaths = (
				"${TARGET_BUILD_DIR}/${FRAMEWORKS_FOLDER_PATH}/APIClient.framework",
				"${TARGET_BUILD_DIR}/${FRAMEWORKS_FOLDER_PATH}/Alamofire.framework",
				"${TARGET_BUILD_DIR}/${FRAMEWORKS_FOLDER_PATH}/AnyErrorKit.framework",
				"${TARGET_BUILD_DIR}/${FRAMEWORKS_FOLDER_PATH}/JSONParsing.framework",
				"${TARGET_BUILD_DIR}/${FRAMEWORKS_FOLDER_PATH}/PaginationUIManager.framework",
				"${TARGET_BUILD_DIR}/${FRAMEWORKS_FOLDER_PATH}/SSPullToRefresh.framework",
				"${TARGET_BUILD_DIR}/${FRAMEWORKS_FOLDER_PATH}/SwiftyJSON.framework",
			);
			runOnlyForDeploymentPostprocessing = 0;
			shellPath = /bin/sh;
			shellScript = "\"${SRCROOT}/Pods/Target Support Files/Pods-APIClient-Example/Pods-APIClient-Example-frameworks.sh\"\n";
			showEnvVarsInLog = 0;
		};
		55ADED197880EF48C378620C /* [CP] Copy Pods Resources */ = {
			isa = PBXShellScriptBuildPhase;
			buildActionMask = 2147483647;
			files = (
			);
			inputPaths = (
			);
			name = "[CP] Copy Pods Resources";
			outputPaths = (
			);
			runOnlyForDeploymentPostprocessing = 0;
			shellPath = /bin/sh;
			shellScript = "\"${SRCROOT}/Pods/Target Support Files/Pods-APIClient-Example/Pods-APIClient-Example-resources.sh\"\n";
			showEnvVarsInLog = 0;
		};
		74FA6D221D1C6E4BB4304689 /* [CP] Check Pods Manifest.lock */ = {
			isa = PBXShellScriptBuildPhase;
			buildActionMask = 2147483647;
			files = (
			);
			inputPaths = (
				"${PODS_PODFILE_DIR_PATH}/Podfile.lock",
				"${PODS_ROOT}/Manifest.lock",
			);
			name = "[CP] Check Pods Manifest.lock";
			outputPaths = (
				"$(DERIVED_FILE_DIR)/Pods-APIClient-Example-checkManifestLockResult.txt",
			);
			runOnlyForDeploymentPostprocessing = 0;
			shellPath = /bin/sh;
			shellScript = "diff \"${PODS_PODFILE_DIR_PATH}/Podfile.lock\" \"${PODS_ROOT}/Manifest.lock\" > /dev/null\nif [ $? != 0 ] ; then\n    # print error to STDERR\n    echo \"error: The sandbox is not in sync with the Podfile.lock. Run 'pod install' or update your CocoaPods installation.\" >&2\n    exit 1\nfi\n# This output is used by Xcode 'outputs' to avoid re-running this script phase.\necho \"SUCCESS\" > \"${SCRIPT_OUTPUT_FILE_0}\"\n";
			showEnvVarsInLog = 0;
		};
/* End PBXShellScriptBuildPhase section */

/* Begin PBXSourcesBuildPhase section */
		6D96D5861E1FC9FA000B1595 /* Sources */ = {
			isa = PBXSourcesBuildPhase;
			buildActionMask = 2147483647;
			files = (
				E3A9ABC91F729682001E2825 /* CursorPaginatorViewController.swift in Sources */,
				E3D79BB71F87A4D600169897 /* URLAPIRouter.swift in Sources */,
				E3D79BB61F87A4D600169897 /* APIRouter.swift in Sources */,
				E3D79BB41F87A4D600169897 /* PaginationAPIRouter.swift in Sources */,
				E368CCAB1F28671F00420C6D /* User.swift in Sources */,
				E3533FB71F827B47001BBDE5 /* Place.swift in Sources */,
				E368CCAC1F28671F00420C6D /* FoxAPIClient.swift in Sources */,
				E3D79BBA1F87A4D600169897 /* ErrorResponse.swift in Sources */,
				E3D79BAB1F87A3CF00169897 /* Number.swift in Sources */,
				E3D79BB51F87A4D600169897 /* OfflineAPIRouter.swift in Sources */,
				E3D79BB81F87A4D600169897 /* CursorPaginationAPIRouter.swift in Sources */,
				E3D79BB91F87A4D600169897 /* AuthHeaders.swift in Sources */,
				E368CCA61F28671F00420C6D /* AppDelegate.swift in Sources */,
				E39E16531F6C0A9900D61973 /* PaginatorViewController.swift in Sources */,
				E3D79BA91F8791F600169897 /* ViewController.swift in Sources */,
			);
			runOnlyForDeploymentPostprocessing = 0;
		};
/* End PBXSourcesBuildPhase section */

/* Begin PBXVariantGroup section */
		E368CC961F28671F00420C6D /* LaunchScreen.storyboard */ = {
			isa = PBXVariantGroup;
			children = (
				E368CC971F28671F00420C6D /* Base */,
			);
			name = LaunchScreen.storyboard;
			sourceTree = "<group>";
		};
		E368CC981F28671F00420C6D /* Main.storyboard */ = {
			isa = PBXVariantGroup;
			children = (
				E368CC991F28671F00420C6D /* Base */,
			);
			name = Main.storyboard;
			sourceTree = "<group>";
		};
/* End PBXVariantGroup section */

/* Begin XCBuildConfiguration section */
		6D96D5A51E1FC9FA000B1595 /* Debug */ = {
			isa = XCBuildConfiguration;
			buildSettings = {
				ALWAYS_SEARCH_USER_PATHS = NO;
				CLANG_ANALYZER_NONNULL = YES;
				CLANG_CXX_LANGUAGE_STANDARD = "gnu++0x";
				CLANG_CXX_LIBRARY = "libc++";
				CLANG_ENABLE_MODULES = YES;
				CLANG_ENABLE_OBJC_ARC = YES;
				CLANG_WARN_BLOCK_CAPTURE_AUTORELEASING = YES;
				CLANG_WARN_BOOL_CONVERSION = YES;
				CLANG_WARN_COMMA = YES;
				CLANG_WARN_CONSTANT_CONVERSION = YES;
				CLANG_WARN_DIRECT_OBJC_ISA_USAGE = YES_ERROR;
				CLANG_WARN_DOCUMENTATION_COMMENTS = YES;
				CLANG_WARN_EMPTY_BODY = YES;
				CLANG_WARN_ENUM_CONVERSION = YES;
				CLANG_WARN_INFINITE_RECURSION = YES;
				CLANG_WARN_INT_CONVERSION = YES;
				CLANG_WARN_NON_LITERAL_NULL_CONVERSION = YES;
				CLANG_WARN_OBJC_LITERAL_CONVERSION = YES;
				CLANG_WARN_OBJC_ROOT_CLASS = YES_ERROR;
				CLANG_WARN_RANGE_LOOP_ANALYSIS = YES;
				CLANG_WARN_STRICT_PROTOTYPES = YES;
				CLANG_WARN_SUSPICIOUS_MOVE = YES;
				CLANG_WARN_SUSPICIOUS_MOVES = YES;
				CLANG_WARN_UNREACHABLE_CODE = YES;
				CLANG_WARN__DUPLICATE_METHOD_MATCH = YES;
				"CODE_SIGN_IDENTITY[sdk=iphoneos*]" = "iPhone Developer";
				COPY_PHASE_STRIP = NO;
				DEBUG_INFORMATION_FORMAT = dwarf;
				ENABLE_STRICT_OBJC_MSGSEND = YES;
				ENABLE_TESTABILITY = YES;
				GCC_C_LANGUAGE_STANDARD = gnu99;
				GCC_DYNAMIC_NO_PIC = NO;
				GCC_NO_COMMON_BLOCKS = YES;
				GCC_OPTIMIZATION_LEVEL = 0;
				GCC_PREPROCESSOR_DEFINITIONS = (
					"DEBUG=1",
					"$(inherited)",
				);
				GCC_WARN_64_TO_32_BIT_CONVERSION = YES;
				GCC_WARN_ABOUT_RETURN_TYPE = YES_ERROR;
				GCC_WARN_UNDECLARED_SELECTOR = YES;
				GCC_WARN_UNINITIALIZED_AUTOS = YES_AGGRESSIVE;
				GCC_WARN_UNUSED_FUNCTION = YES;
				GCC_WARN_UNUSED_VARIABLE = YES;
				IPHONEOS_DEPLOYMENT_TARGET = 10.0;
				MTL_ENABLE_DEBUG_INFO = YES;
				ONLY_ACTIVE_ARCH = YES;
				SDKROOT = iphoneos;
				SWIFT_ACTIVE_COMPILATION_CONDITIONS = DEBUG;
				SWIFT_OPTIMIZATION_LEVEL = "-Onone";
				TARGETED_DEVICE_FAMILY = "1,2";
			};
			name = Debug;
		};
		6D96D5A61E1FC9FA000B1595 /* Release */ = {
			isa = XCBuildConfiguration;
			buildSettings = {
				ALWAYS_SEARCH_USER_PATHS = NO;
				CLANG_ANALYZER_NONNULL = YES;
				CLANG_CXX_LANGUAGE_STANDARD = "gnu++0x";
				CLANG_CXX_LIBRARY = "libc++";
				CLANG_ENABLE_MODULES = YES;
				CLANG_ENABLE_OBJC_ARC = YES;
				CLANG_WARN_BLOCK_CAPTURE_AUTORELEASING = YES;
				CLANG_WARN_BOOL_CONVERSION = YES;
				CLANG_WARN_COMMA = YES;
				CLANG_WARN_CONSTANT_CONVERSION = YES;
				CLANG_WARN_DIRECT_OBJC_ISA_USAGE = YES_ERROR;
				CLANG_WARN_DOCUMENTATION_COMMENTS = YES;
				CLANG_WARN_EMPTY_BODY = YES;
				CLANG_WARN_ENUM_CONVERSION = YES;
				CLANG_WARN_INFINITE_RECURSION = YES;
				CLANG_WARN_INT_CONVERSION = YES;
				CLANG_WARN_NON_LITERAL_NULL_CONVERSION = YES;
				CLANG_WARN_OBJC_LITERAL_CONVERSION = YES;
				CLANG_WARN_OBJC_ROOT_CLASS = YES_ERROR;
				CLANG_WARN_RANGE_LOOP_ANALYSIS = YES;
				CLANG_WARN_STRICT_PROTOTYPES = YES;
				CLANG_WARN_SUSPICIOUS_MOVE = YES;
				CLANG_WARN_SUSPICIOUS_MOVES = YES;
				CLANG_WARN_UNREACHABLE_CODE = YES;
				CLANG_WARN__DUPLICATE_METHOD_MATCH = YES;
				"CODE_SIGN_IDENTITY[sdk=iphoneos*]" = "iPhone Developer";
				COPY_PHASE_STRIP = NO;
				DEBUG_INFORMATION_FORMAT = "dwarf-with-dsym";
				ENABLE_NS_ASSERTIONS = NO;
				ENABLE_STRICT_OBJC_MSGSEND = YES;
				GCC_C_LANGUAGE_STANDARD = gnu99;
				GCC_NO_COMMON_BLOCKS = YES;
				GCC_WARN_64_TO_32_BIT_CONVERSION = YES;
				GCC_WARN_ABOUT_RETURN_TYPE = YES_ERROR;
				GCC_WARN_UNDECLARED_SELECTOR = YES;
				GCC_WARN_UNINITIALIZED_AUTOS = YES_AGGRESSIVE;
				GCC_WARN_UNUSED_FUNCTION = YES;
				GCC_WARN_UNUSED_VARIABLE = YES;
				IPHONEOS_DEPLOYMENT_TARGET = 10.0;
				MTL_ENABLE_DEBUG_INFO = NO;
				SDKROOT = iphoneos;
				SWIFT_OPTIMIZATION_LEVEL = "-Owholemodule";
				TARGETED_DEVICE_FAMILY = "1,2";
				VALIDATE_PRODUCT = YES;
			};
			name = Release;
		};
		6D96D5A81E1FC9FA000B1595 /* Debug */ = {
			isa = XCBuildConfiguration;
			baseConfigurationReference = 8A74B09918892C67C32C3F46 /* Pods-APIClient-Example.debug.xcconfig */;
			buildSettings = {
				ASSETCATALOG_COMPILER_APPICON_NAME = AppIcon;
				DEVELOPMENT_TEAM = NY45473NT8;
				INFOPLIST_FILE = "$(SRCROOT)/APIClient-Example/Info.plist";
				LD_RUNPATH_SEARCH_PATHS = "$(inherited) @executable_path/Frameworks";
				PRODUCT_BUNDLE_IDENTIFIER = "com.nickelfox.-.FLAPIClient-Example";
				PRODUCT_NAME = "$(TARGET_NAME)";
				SWIFT_VERSION = 3.0;
			};
			name = Debug;
		};
		6D96D5A91E1FC9FA000B1595 /* Release */ = {
			isa = XCBuildConfiguration;
			baseConfigurationReference = 6E7BC9458AB01718E2CA7ACD /* Pods-APIClient-Example.release.xcconfig */;
			buildSettings = {
				ASSETCATALOG_COMPILER_APPICON_NAME = AppIcon;
				DEVELOPMENT_TEAM = NY45473NT8;
				INFOPLIST_FILE = "$(SRCROOT)/APIClient-Example/Info.plist";
				LD_RUNPATH_SEARCH_PATHS = "$(inherited) @executable_path/Frameworks";
				PRODUCT_BUNDLE_IDENTIFIER = "com.nickelfox.-.FLAPIClient-Example";
				PRODUCT_NAME = "$(TARGET_NAME)";
				SWIFT_VERSION = 3.0;
			};
			name = Release;
		};
/* End XCBuildConfiguration section */

/* Begin XCConfigurationList section */
		6D96D5851E1FC9FA000B1595 /* Build configuration list for PBXProject "APIClient-Example" */ = {
			isa = XCConfigurationList;
			buildConfigurations = (
				6D96D5A51E1FC9FA000B1595 /* Debug */,
				6D96D5A61E1FC9FA000B1595 /* Release */,
			);
			defaultConfigurationIsVisible = 0;
			defaultConfigurationName = Release;
		};
		6D96D5A71E1FC9FA000B1595 /* Build configuration list for PBXNativeTarget "APIClient-Example" */ = {
			isa = XCConfigurationList;
			buildConfigurations = (
				6D96D5A81E1FC9FA000B1595 /* Debug */,
				6D96D5A91E1FC9FA000B1595 /* Release */,
			);
			defaultConfigurationIsVisible = 0;
			defaultConfigurationName = Release;
		};
/* End XCConfigurationList section */
	};
	rootObject = 6D96D5821E1FC9FA000B1595 /* Project object */;
}
