// !$*UTF8*$!
{
	archiveVersion = 1;
	classes = {
	};
	objectVersion = 48;
	objects = {

/* Begin PBXBuildFile section */
		435D3A4E200756B60088E901 /* Alamofire.framework in Frameworks */ = {isa = PBXBuildFile; fileRef = FBADDAAD200623C400985CF1 /* Alamofire.framework */; };
		435D3A4F200756B60088E901 /* JSONParsing.framework in Frameworks */ = {isa = PBXBuildFile; fileRef = FBADDAAE200623C400985CF1 /* JSONParsing.framework */; };
		435D3A592007574B0088E901 /* APIClient_tvOS.h in Headers */ = {isa = PBXBuildFile; fileRef = 435D3A572007574B0088E901 /* APIClient_tvOS.h */; settings = {ATTRIBUTES = (Public, ); }; };
		435D3A5D200757750088E901 /* Alamofire.framework in Frameworks */ = {isa = PBXBuildFile; fileRef = FBADDAB32006242A00985CF1 /* Alamofire.framework */; };
		435D3A5E200757750088E901 /* JSONParsing.framework in Frameworks */ = {isa = PBXBuildFile; fileRef = FBADDAB22006242A00985CF1 /* JSONParsing.framework */; };
		435D3A72200757DD0088E901 /* APIClient.swift in Sources */ = {isa = PBXBuildFile; fileRef = 435D3A64200757DD0088E901 /* APIClient.swift */; };
		435D3A73200757DD0088E901 /* APIRequest.swift in Sources */ = {isa = PBXBuildFile; fileRef = 435D3A65200757DD0088E901 /* APIRequest.swift */; };
		435D3A74200757DD0088E901 /* APIResult.swift in Sources */ = {isa = PBXBuildFile; fileRef = 435D3A66200757DD0088E901 /* APIResult.swift */; };
		435D3A75200757DD0088E901 /* AuthHeadersProtocol.swift in Sources */ = {isa = PBXBuildFile; fileRef = 435D3A67200757DD0088E901 /* AuthHeadersProtocol.swift */; };
		435D3A76200757DD0088E901 /* APIError.swift in Sources */ = {isa = PBXBuildFile; fileRef = 435D3A69200757DD0088E901 /* APIError.swift */; };
		435D3A77200757DD0088E901 /* APIErrorType.swift in Sources */ = {isa = PBXBuildFile; fileRef = 435D3A6A200757DD0088E901 /* APIErrorType.swift */; };
		435D3A78200757DD0088E901 /* ErrorResponseProtocol.swift in Sources */ = {isa = PBXBuildFile; fileRef = 435D3A6C200757DD0088E901 /* ErrorResponseProtocol.swift */; };
		435D3A79200757DD0088E901 /* ListResponse.swift in Sources */ = {isa = PBXBuildFile; fileRef = 435D3A6D200757DD0088E901 /* ListResponse.swift */; };
		435D3A7A200757DD0088E901 /* NoResponse.swift in Sources */ = {isa = PBXBuildFile; fileRef = 435D3A6E200757DD0088E901 /* NoResponse.swift */; };
		435D3A7B200757DD0088E901 /* RequestManager.swift in Sources */ = {isa = PBXBuildFile; fileRef = 435D3A70200757DD0088E901 /* RequestManager.swift */; };
		435D3A7C200757DD0088E901 /* Router.swift in Sources */ = {isa = PBXBuildFile; fileRef = 435D3A71200757DD0088E901 /* Router.swift */; };
		FBADD9EA200621A700985CF1 /* APIClient.h in Headers */ = {isa = PBXBuildFile; fileRef = FBADD9E8200621A700985CF1 /* APIClient.h */; settings = {ATTRIBUTES = (Public, ); }; };
		FBADDA282006222C00985CF1 /* RequestManager.swift in Sources */ = {isa = PBXBuildFile; fileRef = FBADDA0C2006222C00985CF1 /* RequestManager.swift */; };
		FBADDA292006222C00985CF1 /* Router.swift in Sources */ = {isa = PBXBuildFile; fileRef = FBADDA0D2006222C00985CF1 /* Router.swift */; };
		FBADDA2A2006222C00985CF1 /* ErrorResponseProtocol.swift in Sources */ = {isa = PBXBuildFile; fileRef = FBADDA0F2006222C00985CF1 /* ErrorResponseProtocol.swift */; };
		FBADDA2B2006222C00985CF1 /* ListResponse.swift in Sources */ = {isa = PBXBuildFile; fileRef = FBADDA102006222C00985CF1 /* ListResponse.swift */; };
		FBADDA2C2006222C00985CF1 /* NoResponse.swift in Sources */ = {isa = PBXBuildFile; fileRef = FBADDA112006222C00985CF1 /* NoResponse.swift */; };
		FBADDA3A2006222C00985CF1 /* APIClient.swift in Sources */ = {isa = PBXBuildFile; fileRef = FBADDA212006222C00985CF1 /* APIClient.swift */; };
		FBADDA3B2006222C00985CF1 /* AuthHeadersProtocol.swift in Sources */ = {isa = PBXBuildFile; fileRef = FBADDA222006222C00985CF1 /* AuthHeadersProtocol.swift */; };
		FBADDA3C2006222C00985CF1 /* APIResult.swift in Sources */ = {isa = PBXBuildFile; fileRef = FBADDA232006222C00985CF1 /* APIResult.swift */; };
		FBADDA3D2006222C00985CF1 /* APIRequest.swift in Sources */ = {isa = PBXBuildFile; fileRef = FBADDA242006222C00985CF1 /* APIRequest.swift */; };
		FBADDA3E2006222C00985CF1 /* APIError.swift in Sources */ = {isa = PBXBuildFile; fileRef = FBADDA262006222C00985CF1 /* APIError.swift */; };
		FBADDA3F2006222C00985CF1 /* APIErrorType.swift in Sources */ = {isa = PBXBuildFile; fileRef = FBADDA272006222C00985CF1 /* APIErrorType.swift */; };
/* End PBXBuildFile section */

/* Begin PBXFileReference section */
		435D3A552007574B0088E901 /* APIClient.framework */ = {isa = PBXFileReference; explicitFileType = wrapper.framework; includeInIndex = 0; path = APIClient.framework; sourceTree = BUILT_PRODUCTS_DIR; };
		435D3A572007574B0088E901 /* APIClient_tvOS.h */ = {isa = PBXFileReference; lastKnownFileType = sourcecode.c.h; path = APIClient_tvOS.h; sourceTree = "<group>"; };
		435D3A582007574B0088E901 /* Info.plist */ = {isa = PBXFileReference; lastKnownFileType = text.plist.xml; path = Info.plist; sourceTree = "<group>"; };
		435D3A64200757DD0088E901 /* APIClient.swift */ = {isa = PBXFileReference; fileEncoding = 4; lastKnownFileType = sourcecode.swift; path = APIClient.swift; sourceTree = "<group>"; };
		435D3A65200757DD0088E901 /* APIRequest.swift */ = {isa = PBXFileReference; fileEncoding = 4; lastKnownFileType = sourcecode.swift; path = APIRequest.swift; sourceTree = "<group>"; };
		435D3A66200757DD0088E901 /* APIResult.swift */ = {isa = PBXFileReference; fileEncoding = 4; lastKnownFileType = sourcecode.swift; path = APIResult.swift; sourceTree = "<group>"; };
		435D3A67200757DD0088E901 /* AuthHeadersProtocol.swift */ = {isa = PBXFileReference; fileEncoding = 4; lastKnownFileType = sourcecode.swift; path = AuthHeadersProtocol.swift; sourceTree = "<group>"; };
		435D3A69200757DD0088E901 /* APIError.swift */ = {isa = PBXFileReference; fileEncoding = 4; lastKnownFileType = sourcecode.swift; path = APIError.swift; sourceTree = "<group>"; };
		435D3A6A200757DD0088E901 /* APIErrorType.swift */ = {isa = PBXFileReference; fileEncoding = 4; lastKnownFileType = sourcecode.swift; path = APIErrorType.swift; sourceTree = "<group>"; };
		435D3A6C200757DD0088E901 /* ErrorResponseProtocol.swift */ = {isa = PBXFileReference; fileEncoding = 4; lastKnownFileType = sourcecode.swift; path = ErrorResponseProtocol.swift; sourceTree = "<group>"; };
		435D3A6D200757DD0088E901 /* ListResponse.swift */ = {isa = PBXFileReference; fileEncoding = 4; lastKnownFileType = sourcecode.swift; path = ListResponse.swift; sourceTree = "<group>"; };
		435D3A6E200757DD0088E901 /* NoResponse.swift */ = {isa = PBXFileReference; fileEncoding = 4; lastKnownFileType = sourcecode.swift; path = NoResponse.swift; sourceTree = "<group>"; };
		435D3A70200757DD0088E901 /* RequestManager.swift */ = {isa = PBXFileReference; fileEncoding = 4; lastKnownFileType = sourcecode.swift; path = RequestManager.swift; sourceTree = "<group>"; };
		435D3A71200757DD0088E901 /* Router.swift */ = {isa = PBXFileReference; fileEncoding = 4; lastKnownFileType = sourcecode.swift; path = Router.swift; sourceTree = "<group>"; };
		FBADD9E5200621A700985CF1 /* APIClient.framework */ = {isa = PBXFileReference; explicitFileType = wrapper.framework; includeInIndex = 0; path = APIClient.framework; sourceTree = BUILT_PRODUCTS_DIR; };
		FBADD9E8200621A700985CF1 /* APIClient.h */ = {isa = PBXFileReference; lastKnownFileType = sourcecode.c.h; path = APIClient.h; sourceTree = "<group>"; };
		FBADD9E9200621A700985CF1 /* Info.plist */ = {isa = PBXFileReference; lastKnownFileType = text.plist.xml; path = Info.plist; sourceTree = "<group>"; };
		FBADDA0C2006222C00985CF1 /* RequestManager.swift */ = {isa = PBXFileReference; fileEncoding = 4; lastKnownFileType = sourcecode.swift; path = RequestManager.swift; sourceTree = "<group>"; };
		FBADDA0D2006222C00985CF1 /* Router.swift */ = {isa = PBXFileReference; fileEncoding = 4; lastKnownFileType = sourcecode.swift; path = Router.swift; sourceTree = "<group>"; };
		FBADDA0F2006222C00985CF1 /* ErrorResponseProtocol.swift */ = {isa = PBXFileReference; fileEncoding = 4; lastKnownFileType = sourcecode.swift; path = ErrorResponseProtocol.swift; sourceTree = "<group>"; };
		FBADDA102006222C00985CF1 /* ListResponse.swift */ = {isa = PBXFileReference; fileEncoding = 4; lastKnownFileType = sourcecode.swift; path = ListResponse.swift; sourceTree = "<group>"; };
		FBADDA112006222C00985CF1 /* NoResponse.swift */ = {isa = PBXFileReference; fileEncoding = 4; lastKnownFileType = sourcecode.swift; path = NoResponse.swift; sourceTree = "<group>"; };
		FBADDA212006222C00985CF1 /* APIClient.swift */ = {isa = PBXFileReference; fileEncoding = 4; lastKnownFileType = sourcecode.swift; path = APIClient.swift; sourceTree = "<group>"; };
		FBADDA222006222C00985CF1 /* AuthHeadersProtocol.swift */ = {isa = PBXFileReference; fileEncoding = 4; lastKnownFileType = sourcecode.swift; path = AuthHeadersProtocol.swift; sourceTree = "<group>"; };
		FBADDA232006222C00985CF1 /* APIResult.swift */ = {isa = PBXFileReference; fileEncoding = 4; lastKnownFileType = sourcecode.swift; path = APIResult.swift; sourceTree = "<group>"; };
		FBADDA242006222C00985CF1 /* APIRequest.swift */ = {isa = PBXFileReference; fileEncoding = 4; lastKnownFileType = sourcecode.swift; path = APIRequest.swift; sourceTree = "<group>"; };
		FBADDA262006222C00985CF1 /* APIError.swift */ = {isa = PBXFileReference; fileEncoding = 4; lastKnownFileType = sourcecode.swift; path = APIError.swift; sourceTree = "<group>"; };
		FBADDA272006222C00985CF1 /* APIErrorType.swift */ = {isa = PBXFileReference; fileEncoding = 4; lastKnownFileType = sourcecode.swift; path = APIErrorType.swift; sourceTree = "<group>"; };
		FBADDAAD200623C400985CF1 /* Alamofire.framework */ = {isa = PBXFileReference; lastKnownFileType = wrapper.framework; name = Alamofire.framework; path = Carthage/Build/iOS/Alamofire.framework; sourceTree = "<group>"; };
		FBADDAAE200623C400985CF1 /* JSONParsing.framework */ = {isa = PBXFileReference; lastKnownFileType = wrapper.framework; name = JSONParsing.framework; path = Carthage/Build/iOS/JSONParsing.framework; sourceTree = "<group>"; };
		FBADDAB22006242A00985CF1 /* JSONParsing.framework */ = {isa = PBXFileReference; lastKnownFileType = wrapper.framework; name = JSONParsing.framework; path = Carthage/Build/tvOS/JSONParsing.framework; sourceTree = "<group>"; };
		FBADDAB32006242A00985CF1 /* Alamofire.framework */ = {isa = PBXFileReference; lastKnownFileType = wrapper.framework; name = Alamofire.framework; path = Carthage/Build/tvOS/Alamofire.framework; sourceTree = "<group>"; };
		FBADDAB72006246A00985CF1 /* JSONParsing.framework */ = {isa = PBXFileReference; lastKnownFileType = wrapper.framework; name = JSONParsing.framework; path = Carthage/Build/Mac/JSONParsing.framework; sourceTree = "<group>"; };
		FBADDAB82006246A00985CF1 /* Alamofire.framework */ = {isa = PBXFileReference; lastKnownFileType = wrapper.framework; name = Alamofire.framework; path = Carthage/Build/Mac/Alamofire.framework; sourceTree = "<group>"; };
/* End PBXFileReference section */

/* Begin PBXFrameworksBuildPhase section */
		435D3A512007574B0088E901 /* Frameworks */ = {
			isa = PBXFrameworksBuildPhase;
			buildActionMask = 2147483647;
			files = (
				435D3A5D200757750088E901 /* Alamofire.framework in Frameworks */,
				435D3A5E200757750088E901 /* JSONParsing.framework in Frameworks */,
			);
			runOnlyForDeploymentPostprocessing = 0;
		};
		FBADD9E1200621A700985CF1 /* Frameworks */ = {
			isa = PBXFrameworksBuildPhase;
			buildActionMask = 2147483647;
			files = (
				435D3A4E200756B60088E901 /* Alamofire.framework in Frameworks */,
				435D3A4F200756B60088E901 /* JSONParsing.framework in Frameworks */,
			);
			runOnlyForDeploymentPostprocessing = 0;
		};
/* End PBXFrameworksBuildPhase section */

/* Begin PBXGroup section */
		435D3A562007574B0088E901 /* APIClient tvOS */ = {
			isa = PBXGroup;
			children = (
				435D3A62200757DD0088E901 /* Classes */,
				435D3A572007574B0088E901 /* APIClient_tvOS.h */,
				435D3A582007574B0088E901 /* Info.plist */,
			);
			path = "APIClient tvOS";
			sourceTree = "<group>";
		};
		435D3A62200757DD0088E901 /* Classes */ = {
			isa = PBXGroup;
			children = (
				435D3A63200757DD0088E901 /* API */,
				435D3A68200757DD0088E901 /* Errors */,
				435D3A6B200757DD0088E901 /* Response */,
				435D3A6F200757DD0088E901 /* Routers */,
			);
			name = Classes;
			path = Source/Classes;
			sourceTree = SOURCE_ROOT;
		};
		435D3A63200757DD0088E901 /* API */ = {
			isa = PBXGroup;
			children = (
				435D3A64200757DD0088E901 /* APIClient.swift */,
				435D3A65200757DD0088E901 /* APIRequest.swift */,
				435D3A66200757DD0088E901 /* APIResult.swift */,
				435D3A67200757DD0088E901 /* AuthHeadersProtocol.swift */,
			);
			path = API;
			sourceTree = "<group>";
		};
		435D3A68200757DD0088E901 /* Errors */ = {
			isa = PBXGroup;
			children = (
				435D3A69200757DD0088E901 /* APIError.swift */,
				435D3A6A200757DD0088E901 /* APIErrorType.swift */,
			);
			path = Errors;
			sourceTree = "<group>";
		};
		435D3A6B200757DD0088E901 /* Response */ = {
			isa = PBXGroup;
			children = (
				435D3A6C200757DD0088E901 /* ErrorResponseProtocol.swift */,
				435D3A6D200757DD0088E901 /* ListResponse.swift */,
				435D3A6E200757DD0088E901 /* NoResponse.swift */,
			);
			path = Response;
			sourceTree = "<group>";
		};
		435D3A6F200757DD0088E901 /* Routers */ = {
			isa = PBXGroup;
			children = (
				435D3A70200757DD0088E901 /* RequestManager.swift */,
				435D3A71200757DD0088E901 /* Router.swift */,
			);
			path = Routers;
			sourceTree = "<group>";
		};
		FBADD9DB200621A700985CF1 = {
			isa = PBXGroup;
			children = (
				FBADD9E7200621A700985CF1 /* APIClient */,
				435D3A562007574B0088E901 /* APIClient tvOS */,
				FBADD9E6200621A700985CF1 /* Products */,
				FBADDAAC200623C300985CF1 /* Frameworks */,
			);
			sourceTree = "<group>";
		};
		FBADD9E6200621A700985CF1 /* Products */ = {
			isa = PBXGroup;
			children = (
				FBADD9E5200621A700985CF1 /* APIClient.framework */,
				435D3A552007574B0088E901 /* APIClient.framework */,
			);
			name = Products;
			sourceTree = "<group>";
		};
		FBADD9E7200621A700985CF1 /* APIClient */ = {
			isa = PBXGroup;
			children = (
				FBADDA0A2006222C00985CF1 /* Classes */,
				FBADD9E8200621A700985CF1 /* APIClient.h */,
				FBADD9E9200621A700985CF1 /* Info.plist */,
			);
			path = APIClient;
			sourceTree = "<group>";
		};
		FBADDA0A2006222C00985CF1 /* Classes */ = {
			isa = PBXGroup;
			children = (
				FBADDA0B2006222C00985CF1 /* Routers */,
				FBADDA0E2006222C00985CF1 /* Response */,
				FBADDA202006222C00985CF1 /* API */,
				FBADDA252006222C00985CF1 /* Errors */,
			);
			name = Classes;
			path = Source/Classes;
			sourceTree = SOURCE_ROOT;
		};
		FBADDA0B2006222C00985CF1 /* Routers */ = {
			isa = PBXGroup;
			children = (
				FBADDA0C2006222C00985CF1 /* RequestManager.swift */,
				FBADDA0D2006222C00985CF1 /* Router.swift */,
			);
			path = Routers;
			sourceTree = "<group>";
		};
		FBADDA0E2006222C00985CF1 /* Response */ = {
			isa = PBXGroup;
			children = (
				FBADDA0F2006222C00985CF1 /* ErrorResponseProtocol.swift */,
				FBADDA102006222C00985CF1 /* ListResponse.swift */,
				FBADDA112006222C00985CF1 /* NoResponse.swift */,
			);
			path = Response;
			sourceTree = "<group>";
		};
		FBADDA202006222C00985CF1 /* API */ = {
			isa = PBXGroup;
			children = (
				FBADDA212006222C00985CF1 /* APIClient.swift */,
				FBADDA222006222C00985CF1 /* AuthHeadersProtocol.swift */,
				FBADDA232006222C00985CF1 /* APIResult.swift */,
				FBADDA242006222C00985CF1 /* APIRequest.swift */,
			);
			path = API;
			sourceTree = "<group>";
		};
		FBADDA252006222C00985CF1 /* Errors */ = {
			isa = PBXGroup;
			children = (
				FBADDA262006222C00985CF1 /* APIError.swift */,
				FBADDA272006222C00985CF1 /* APIErrorType.swift */,
			);
			path = Errors;
			sourceTree = "<group>";
		};
		FBADDAAC200623C300985CF1 /* Frameworks */ = {
			isa = PBXGroup;
			children = (
				FBADDAB82006246A00985CF1 /* Alamofire.framework */,
				FBADDAB72006246A00985CF1 /* JSONParsing.framework */,
				FBADDAB32006242A00985CF1 /* Alamofire.framework */,
				FBADDAB22006242A00985CF1 /* JSONParsing.framework */,
				FBADDAAD200623C400985CF1 /* Alamofire.framework */,
				FBADDAAE200623C400985CF1 /* JSONParsing.framework */,
			);
			name = Frameworks;
			sourceTree = "<group>";
		};
/* End PBXGroup section */

/* Begin PBXHeadersBuildPhase section */
		435D3A522007574B0088E901 /* Headers */ = {
			isa = PBXHeadersBuildPhase;
			buildActionMask = 2147483647;
			files = (
				435D3A592007574B0088E901 /* APIClient_tvOS.h in Headers */,
			);
			runOnlyForDeploymentPostprocessing = 0;
		};
		FBADD9E2200621A700985CF1 /* Headers */ = {
			isa = PBXHeadersBuildPhase;
			buildActionMask = 2147483647;
			files = (
				FBADD9EA200621A700985CF1 /* APIClient.h in Headers */,
			);
			runOnlyForDeploymentPostprocessing = 0;
		};
/* End PBXHeadersBuildPhase section */

/* Begin PBXNativeTarget section */
		435D3A542007574B0088E901 /* APIClient tvOS */ = {
			isa = PBXNativeTarget;
			buildConfigurationList = 435D3A5A2007574B0088E901 /* Build configuration list for PBXNativeTarget "APIClient tvOS" */;
			buildPhases = (
				435D3A502007574B0088E901 /* Sources */,
				435D3A512007574B0088E901 /* Frameworks */,
				435D3A522007574B0088E901 /* Headers */,
				435D3A532007574B0088E901 /* Resources */,
				435D3A5F200757790088E901 /* ShellScript */,
			);
			buildRules = (
			);
			dependencies = (
			);
			name = "APIClient tvOS";
			productName = "APIClient tvOS";
			productReference = 435D3A552007574B0088E901 /* APIClient.framework */;
			productType = "com.apple.product-type.framework";
		};
		FBADD9E4200621A700985CF1 /* APIClient */ = {
			isa = PBXNativeTarget;
			buildConfigurationList = FBADD9ED200621A700985CF1 /* Build configuration list for PBXNativeTarget "APIClient" */;
			buildPhases = (
				FBADD9E0200621A700985CF1 /* Sources */,
				FBADD9E1200621A700985CF1 /* Frameworks */,
				FBADD9E2200621A700985CF1 /* Headers */,
				FBADD9E3200621A700985CF1 /* Resources */,
				FBADDAB1200623C700985CF1 /* ShellScript */,
			);
			buildRules = (
			);
			dependencies = (
			);
			name = APIClient;
			productName = APIClient;
			productReference = FBADD9E5200621A700985CF1 /* APIClient.framework */;
			productType = "com.apple.product-type.framework";
		};
/* End PBXNativeTarget section */

/* Begin PBXProject section */
		FBADD9DC200621A700985CF1 /* Project object */ = {
			isa = PBXProject;
			attributes = {
				LastUpgradeCheck = 0920;
				ORGANIZATIONNAME = Nickelfox;
				TargetAttributes = {
					435D3A542007574B0088E901 = {
						CreatedOnToolsVersion = 9.1;
						ProvisioningStyle = Automatic;
					};
					FBADD9E4200621A700985CF1 = {
						CreatedOnToolsVersion = 9.2;
						ProvisioningStyle = Automatic;
					};
				};
			};
			buildConfigurationList = FBADD9DF200621A700985CF1 /* Build configuration list for PBXProject "APIClient" */;
			compatibilityVersion = "Xcode 8.0";
			developmentRegion = en;
			hasScannedForEncodings = 0;
			knownRegions = (
				en,
			);
			mainGroup = FBADD9DB200621A700985CF1;
			productRefGroup = FBADD9E6200621A700985CF1 /* Products */;
			projectDirPath = "";
			projectRoot = "";
			targets = (
				FBADD9E4200621A700985CF1 /* APIClient */,
				435D3A542007574B0088E901 /* APIClient tvOS */,
			);
		};
/* End PBXProject section */

/* Begin PBXResourcesBuildPhase section */
		435D3A532007574B0088E901 /* Resources */ = {
			isa = PBXResourcesBuildPhase;
			buildActionMask = 2147483647;
			files = (
			);
			runOnlyForDeploymentPostprocessing = 0;
		};
		FBADD9E3200621A700985CF1 /* Resources */ = {
			isa = PBXResourcesBuildPhase;
			buildActionMask = 2147483647;
			files = (
			);
			runOnlyForDeploymentPostprocessing = 0;
		};
/* End PBXResourcesBuildPhase section */

/* Begin PBXShellScriptBuildPhase section */
		435D3A5F200757790088E901 /* ShellScript */ = {
			isa = PBXShellScriptBuildPhase;
			buildActionMask = 2147483647;
			files = (
			);
			inputPaths = (
				"$(SRCROOT)/Carthage/Build/tvOS/Alamofire.framework",
				"$(SRCROOT)/Carthage/Build/tvOS/JSONParsing.framework",
			);
			outputPaths = (
			);
			runOnlyForDeploymentPostprocessing = 0;
			shellPath = /bin/sh;
			shellScript = "/usr/local/bin/carthage copy-frameworks";
		};
		FBADDAB1200623C700985CF1 /* ShellScript */ = {
			isa = PBXShellScriptBuildPhase;
			buildActionMask = 2147483647;
			files = (
			);
			inputPaths = (
				"$(SRCROOT)/Carthage/Build/iOS/Alamofire.framework",
				"$(SRCROOT)/Carthage/Build/iOS/JSONParsing.framework",
			);
			outputPaths = (
			);
			runOnlyForDeploymentPostprocessing = 0;
			shellPath = /bin/sh;
			shellScript = "/usr/local/bin/carthage copy-frameworks";
		};
/* End PBXShellScriptBuildPhase section */

/* Begin PBXSourcesBuildPhase section */
		435D3A502007574B0088E901 /* Sources */ = {
			isa = PBXSourcesBuildPhase;
			buildActionMask = 2147483647;
			files = (
				435D3A7C200757DD0088E901 /* Router.swift in Sources */,
				435D3A7A200757DD0088E901 /* NoResponse.swift in Sources */,
				435D3A79200757DD0088E901 /* ListResponse.swift in Sources */,
				435D3A75200757DD0088E901 /* AuthHeadersProtocol.swift in Sources */,
				435D3A74200757DD0088E901 /* APIResult.swift in Sources */,
				435D3A73200757DD0088E901 /* APIRequest.swift in Sources */,
				435D3A7B200757DD0088E901 /* RequestManager.swift in Sources */,
				435D3A77200757DD0088E901 /* APIErrorType.swift in Sources */,
				435D3A76200757DD0088E901 /* APIError.swift in Sources */,
				435D3A78200757DD0088E901 /* ErrorResponseProtocol.swift in Sources */,
				435D3A72200757DD0088E901 /* APIClient.swift in Sources */,
			);
			runOnlyForDeploymentPostprocessing = 0;
		};
		FBADD9E0200621A700985CF1 /* Sources */ = {
			isa = PBXSourcesBuildPhase;
			buildActionMask = 2147483647;
			files = (
				FBADDA2B2006222C00985CF1 /* ListResponse.swift in Sources */,
				FBADDA2A2006222C00985CF1 /* ErrorResponseProtocol.swift in Sources */,
				FBADDA2C2006222C00985CF1 /* NoResponse.swift in Sources */,
				FBADDA3F2006222C00985CF1 /* APIErrorType.swift in Sources */,
				FBADDA292006222C00985CF1 /* Router.swift in Sources */,
				FBADDA3A2006222C00985CF1 /* APIClient.swift in Sources */,
				FBADDA3B2006222C00985CF1 /* AuthHeadersProtocol.swift in Sources */,
				FBADDA3E2006222C00985CF1 /* APIError.swift in Sources */,
				FBADDA282006222C00985CF1 /* RequestManager.swift in Sources */,
				FBADDA3C2006222C00985CF1 /* APIResult.swift in Sources */,
				FBADDA3D2006222C00985CF1 /* APIRequest.swift in Sources */,
			);
			runOnlyForDeploymentPostprocessing = 0;
		};
/* End PBXSourcesBuildPhase section */

/* Begin XCBuildConfiguration section */
		435D3A5B2007574B0088E901 /* Debug */ = {
			isa = XCBuildConfiguration;
			buildSettings = {
				CODE_SIGN_IDENTITY = "";
				CODE_SIGN_STYLE = Automatic;
				DEFINES_MODULE = YES;
				DEVELOPMENT_TEAM = NY45473NT8;
				DYLIB_COMPATIBILITY_VERSION = 1;
				DYLIB_CURRENT_VERSION = 1;
				DYLIB_INSTALL_NAME_BASE = "@rpath";
				FRAMEWORK_SEARCH_PATHS = (
					"$(inherited)",
					"$(PROJECT_DIR)/Carthage/Build/tvOS",
				);
				INFOPLIST_FILE = "APIClient tvOS/Info.plist";
				INSTALL_PATH = "$(LOCAL_LIBRARY_DIR)/Frameworks";
				LD_RUNPATH_SEARCH_PATHS = "$(inherited) @executable_path/Frameworks @loader_path/Frameworks";
				PRODUCT_BUNDLE_IDENTIFIER = "KarticKhosla.APIClient-tvOS";
				PRODUCT_NAME = APIClient;
				SDKROOT = appletvos;
				SKIP_INSTALL = YES;
				SWIFT_VERSION = 4.0;
				TARGETED_DEVICE_FAMILY = 3;
				TVOS_DEPLOYMENT_TARGET = 9.0;
			};
			name = Debug;
		};
		435D3A5C2007574B0088E901 /* Release */ = {
			isa = XCBuildConfiguration;
			buildSettings = {
				CODE_SIGN_IDENTITY = "";
				CODE_SIGN_STYLE = Automatic;
				DEFINES_MODULE = YES;
				DEVELOPMENT_TEAM = NY45473NT8;
				DYLIB_COMPATIBILITY_VERSION = 1;
				DYLIB_CURRENT_VERSION = 1;
				DYLIB_INSTALL_NAME_BASE = "@rpath";
				FRAMEWORK_SEARCH_PATHS = (
					"$(inherited)",
					"$(PROJECT_DIR)/Carthage/Build/tvOS",
				);
				INFOPLIST_FILE = "APIClient tvOS/Info.plist";
				INSTALL_PATH = "$(LOCAL_LIBRARY_DIR)/Frameworks";
				LD_RUNPATH_SEARCH_PATHS = "$(inherited) @executable_path/Frameworks @loader_path/Frameworks";
				PRODUCT_BUNDLE_IDENTIFIER = "KarticKhosla.APIClient-tvOS";
				PRODUCT_NAME = APIClient;
				SDKROOT = appletvos;
				SKIP_INSTALL = YES;
				SWIFT_VERSION = 4.0;
				TARGETED_DEVICE_FAMILY = 3;
				TVOS_DEPLOYMENT_TARGET = 9.0;
			};
			name = Release;
		};
		FBADD9EB200621A700985CF1 /* Debug */ = {
			isa = XCBuildConfiguration;
			buildSettings = {
				ALWAYS_SEARCH_USER_PATHS = NO;
				CLANG_ANALYZER_NONNULL = YES;
				CLANG_ANALYZER_NUMBER_OBJECT_CONVERSION = YES_AGGRESSIVE;
				CLANG_CXX_LANGUAGE_STANDARD = "gnu++14";
				CLANG_CXX_LIBRARY = "libc++";
				CLANG_ENABLE_MODULES = YES;
				CLANG_ENABLE_OBJC_ARC = YES;
				CLANG_WARN_BLOCK_CAPTURE_AUTORELEASING = YES;
				CLANG_WARN_BOOL_CONVERSION = YES;
				CLANG_WARN_COMMA = YES;
				CLANG_WARN_CONSTANT_CONVERSION = YES;
				CLANG_WARN_DIRECT_OBJC_ISA_USAGE = YES_ERROR;
				CLANG_WARN_DOCUMENTATION_COMMENTS = YES;
				CLANG_WARN_EMPTY_BODY = YES;
				CLANG_WARN_ENUM_CONVERSION = YES;
				CLANG_WARN_INFINITE_RECURSION = YES;
				CLANG_WARN_INT_CONVERSION = YES;
				CLANG_WARN_NON_LITERAL_NULL_CONVERSION = YES;
				CLANG_WARN_OBJC_LITERAL_CONVERSION = YES;
				CLANG_WARN_OBJC_ROOT_CLASS = YES_ERROR;
				CLANG_WARN_RANGE_LOOP_ANALYSIS = YES;
				CLANG_WARN_STRICT_PROTOTYPES = YES;
				CLANG_WARN_SUSPICIOUS_MOVE = YES;
				CLANG_WARN_UNGUARDED_AVAILABILITY = YES_AGGRESSIVE;
				CLANG_WARN_UNREACHABLE_CODE = YES;
				CLANG_WARN__DUPLICATE_METHOD_MATCH = YES;
				CODE_SIGN_IDENTITY = "iPhone Developer";
				COPY_PHASE_STRIP = NO;
				CURRENT_PROJECT_VERSION = 1;
				DEBUG_INFORMATION_FORMAT = dwarf;
				ENABLE_STRICT_OBJC_MSGSEND = YES;
				ENABLE_TESTABILITY = YES;
				GCC_C_LANGUAGE_STANDARD = gnu11;
				GCC_DYNAMIC_NO_PIC = NO;
				GCC_NO_COMMON_BLOCKS = YES;
				GCC_OPTIMIZATION_LEVEL = 0;
				GCC_PREPROCESSOR_DEFINITIONS = (
					"DEBUG=1",
					"$(inherited)",
				);
				GCC_WARN_64_TO_32_BIT_CONVERSION = YES;
				GCC_WARN_ABOUT_RETURN_TYPE = YES_ERROR;
				GCC_WARN_UNDECLARED_SELECTOR = YES;
				GCC_WARN_UNINITIALIZED_AUTOS = YES_AGGRESSIVE;
				GCC_WARN_UNUSED_FUNCTION = YES;
				GCC_WARN_UNUSED_VARIABLE = YES;
				IPHONEOS_DEPLOYMENT_TARGET = 9.0;
				MTL_ENABLE_DEBUG_INFO = YES;
				ONLY_ACTIVE_ARCH = YES;
				SDKROOT = iphoneos;
				SWIFT_ACTIVE_COMPILATION_CONDITIONS = DEBUG;
				SWIFT_OPTIMIZATION_LEVEL = "-Onone";
				VERSIONING_SYSTEM = "apple-generic";
				VERSION_INFO_PREFIX = "";
			};
			name = Debug;
		};
		FBADD9EC200621A700985CF1 /* Release */ = {
			isa = XCBuildConfiguration;
			buildSettings = {
				ALWAYS_SEARCH_USER_PATHS = NO;
				CLANG_ANALYZER_NONNULL = YES;
				CLANG_ANALYZER_NUMBER_OBJECT_CONVERSION = YES_AGGRESSIVE;
				CLANG_CXX_LANGUAGE_STANDARD = "gnu++14";
				CLANG_CXX_LIBRARY = "libc++";
				CLANG_ENABLE_MODULES = YES;
				CLANG_ENABLE_OBJC_ARC = YES;
				CLANG_WARN_BLOCK_CAPTURE_AUTORELEASING = YES;
				CLANG_WARN_BOOL_CONVERSION = YES;
				CLANG_WARN_COMMA = YES;
				CLANG_WARN_CONSTANT_CONVERSION = YES;
				CLANG_WARN_DIRECT_OBJC_ISA_USAGE = YES_ERROR;
				CLANG_WARN_DOCUMENTATION_COMMENTS = YES;
				CLANG_WARN_EMPTY_BODY = YES;
				CLANG_WARN_ENUM_CONVERSION = YES;
				CLANG_WARN_INFINITE_RECURSION = YES;
				CLANG_WARN_INT_CONVERSION = YES;
				CLANG_WARN_NON_LITERAL_NULL_CONVERSION = YES;
				CLANG_WARN_OBJC_LITERAL_CONVERSION = YES;
				CLANG_WARN_OBJC_ROOT_CLASS = YES_ERROR;
				CLANG_WARN_RANGE_LOOP_ANALYSIS = YES;
				CLANG_WARN_STRICT_PROTOTYPES = YES;
				CLANG_WARN_SUSPICIOUS_MOVE = YES;
				CLANG_WARN_UNGUARDED_AVAILABILITY = YES_AGGRESSIVE;
				CLANG_WARN_UNREACHABLE_CODE = YES;
				CLANG_WARN__DUPLICATE_METHOD_MATCH = YES;
				CODE_SIGN_IDENTITY = "iPhone Developer";
				COPY_PHASE_STRIP = NO;
				CURRENT_PROJECT_VERSION = 1;
				DEBUG_INFORMATION_FORMAT = "dwarf-with-dsym";
				ENABLE_NS_ASSERTIONS = NO;
				ENABLE_STRICT_OBJC_MSGSEND = YES;
				GCC_C_LANGUAGE_STANDARD = gnu11;
				GCC_NO_COMMON_BLOCKS = YES;
				GCC_WARN_64_TO_32_BIT_CONVERSION = YES;
				GCC_WARN_ABOUT_RETURN_TYPE = YES_ERROR;
				GCC_WARN_UNDECLARED_SELECTOR = YES;
				GCC_WARN_UNINITIALIZED_AUTOS = YES_AGGRESSIVE;
				GCC_WARN_UNUSED_FUNCTION = YES;
				GCC_WARN_UNUSED_VARIABLE = YES;
				IPHONEOS_DEPLOYMENT_TARGET = 9.0;
				MTL_ENABLE_DEBUG_INFO = NO;
				SDKROOT = iphoneos;
				SWIFT_OPTIMIZATION_LEVEL = "-Owholemodule";
				VALIDATE_PRODUCT = YES;
				VERSIONING_SYSTEM = "apple-generic";
				VERSION_INFO_PREFIX = "";
			};
			name = Release;
		};
		FBADD9EE200621A700985CF1 /* Debug */ = {
			isa = XCBuildConfiguration;
			buildSettings = {
				CODE_SIGN_IDENTITY = "";
				CODE_SIGN_STYLE = Automatic;
				DEFINES_MODULE = YES;
				DEVELOPMENT_TEAM = NY45473NT8;
				DYLIB_COMPATIBILITY_VERSION = 1;
				DYLIB_CURRENT_VERSION = 1;
				DYLIB_INSTALL_NAME_BASE = "@rpath";
				FRAMEWORK_SEARCH_PATHS = (
					"$(inherited)",
					"$(PROJECT_DIR)/Carthage/Build/iOS",
				);
				INFOPLIST_FILE = APIClient/Info.plist;
				INSTALL_PATH = "$(LOCAL_LIBRARY_DIR)/Frameworks";
				IPHONEOS_DEPLOYMENT_TARGET = 9.0;
				LD_RUNPATH_SEARCH_PATHS = "$(inherited) @executable_path/Frameworks @loader_path/Frameworks";
				PRODUCT_BUNDLE_IDENTIFIER = com.nickelfox.APIClient;
				PRODUCT_NAME = "$(TARGET_NAME:c99extidentifier)";
				SKIP_INSTALL = YES;
				SWIFT_VERSION = 4.0;
				TARGETED_DEVICE_FAMILY = "1,2";
			};
			name = Debug;
		};
		FBADD9EF200621A700985CF1 /* Release */ = {
			isa = XCBuildConfiguration;
			buildSettings = {
				CODE_SIGN_IDENTITY = "";
				CODE_SIGN_STYLE = Automatic;
				DEFINES_MODULE = YES;
				DEVELOPMENT_TEAM = NY45473NT8;
				DYLIB_COMPATIBILITY_VERSION = 1;
				DYLIB_CURRENT_VERSION = 1;
				DYLIB_INSTALL_NAME_BASE = "@rpath";
				FRAMEWORK_SEARCH_PATHS = (
					"$(inherited)",
					"$(PROJECT_DIR)/Carthage/Build/iOS",
				);
				INFOPLIST_FILE = APIClient/Info.plist;
				INSTALL_PATH = "$(LOCAL_LIBRARY_DIR)/Frameworks";
				IPHONEOS_DEPLOYMENT_TARGET = 9.0;
				LD_RUNPATH_SEARCH_PATHS = "$(inherited) @executable_path/Frameworks @loader_path/Frameworks";
				PRODUCT_BUNDLE_IDENTIFIER = com.nickelfox.APIClient;
				PRODUCT_NAME = "$(TARGET_NAME:c99extidentifier)";
				SKIP_INSTALL = YES;
				SWIFT_VERSION = 4.0;
				TARGETED_DEVICE_FAMILY = "1,2";
			};
			name = Release;
		};
/* End XCBuildConfiguration section */

/* Begin XCConfigurationList section */
		435D3A5A2007574B0088E901 /* Build configuration list for PBXNativeTarget "APIClient tvOS" */ = {
			isa = XCConfigurationList;
			buildConfigurations = (
				435D3A5B2007574B0088E901 /* Debug */,
				435D3A5C2007574B0088E901 /* Release */,
			);
			defaultConfigurationIsVisible = 0;
			defaultConfigurationName = Release;
		};
		FBADD9DF200621A700985CF1 /* Build configuration list for PBXProject "APIClient" */ = {
			isa = XCConfigurationList;
			buildConfigurations = (
				FBADD9EB200621A700985CF1 /* Debug */,
				FBADD9EC200621A700985CF1 /* Release */,
			);
			defaultConfigurationIsVisible = 0;
			defaultConfigurationName = Release;
		};
		FBADD9ED200621A700985CF1 /* Build configuration list for PBXNativeTarget "APIClient" */ = {
			isa = XCConfigurationList;
			buildConfigurations = (
				FBADD9EE200621A700985CF1 /* Debug */,
				FBADD9EF200621A700985CF1 /* Release */,
			);
			defaultConfigurationIsVisible = 0;
			defaultConfigurationName = Release;
		};
/* End XCConfigurationList section */
	};
	rootObject = FBADD9DC200621A700985CF1 /* Project object */;
}
